{
  "version": "5",
  "specifiers": {
    "jsr:@std/assert@^1.0.19": "1.0.19",
    "jsr:@std/fs@^1.0.24": "1.0.24",
    "jsr:@std/internal@^1.0.12": "1.0.14",
    "jsr:@std/internal@^1.0.14": "1.0.14",
    "jsr:@std/path@^1.1.5": "1.1.6",
    "npm:@types/dom-chromium-ai@*": "0.0.17",
    "npm:@types/webextension-polyfill@*": "0.12.6",
    "npm:webextension-polyfill@0.12": "0.12.0"
  },
  "jsr": {
    "@std/assert@1.0.19": {
      "integrity": "eaada96ee120cb980bc47e040f82814d786fe8162ecc53c91d8df60b8755991e",
      "dependencies": [
        "jsr:@std/internal@^1.0.12"
      ]
    },
    "@std/fs@1.0.24": {
      "integrity": "f3061b45b81673a2bece689da041df32d174be064c89eb6397fb5718d3fb7877",
      "dependencies": [
        "jsr:@std/internal@^1.0.14",
        "jsr:@std/path"
      ]
    },
    "@std/internal@1.0.14": {
      "integrity": "291516b3d4c35024d6ffbc0a9df5bf4c64116e05b50012cf846710152d2ffdf7"
    },
    "@std/path@1.1.6": {
      "integrity": "c68485c2a4dfbb5ae3cc74fae4e8c4e5d874cf8a8ed12927917235c758b46cbe",
      "dependencies": [
        "jsr:@std/internal@^1.0.14"
      ]
    }
  },
  "npm": {
    "@types/dom-chromium-ai@0.0.17": {
      "integrity": "sha512-UnSAIVKONaY2vTAM4TkPpwdKeGgg3tPCwNP3KxR+U8bLYC2rQU7UrgW9LIVx0B02dKZxuPA6a0Q5wvyW5Rk6nw=="
    },
    "@types/webextension-polyfill@0.12.6": {
      "integrity": "sha512-XTNQSGiQaipt1iocbpHSjYHd+Ujcya+K5H4H2uH7JwycReTFixoYqGWIKih2Ec072NuEW2lAyXRDYmlEx00+cw=="
    },
    "webextension-polyfill@0.12.0": {
      "integrity": "sha512-97TBmpoWJEE+3nFBQ4VocyCdLKfw54rFaJ6EVQYLBCXqCIpLSZkwGgASpv4oPt9gdKCJ80RJlcmNzNn008Ag6Q=="
    }
  },
  "remote": {
    "https://raw.githubusercontent.com/ys-j/ZipJS/refs/heads/main/zip.js": "d1428b2956d803f265ea61431c793f49611283ed6418ff4d16a991965e784f81"
  },
  "workspace": {
    "dependencies": [
      "jsr:@std/assert@^1.0.19",
      "jsr:@std/fs@^1.0.24",
      "jsr:@std/path@^1.1.5",
      "npm:@types/dom-chromium-ai@*",
      "npm:@types/webextension-polyfill@*",
      "npm:webextension-polyfill@0.12"
    ]
  }
}
